// !$*UTF8*$!
{
	archiveVersion = 1;
	classes = {
	};
	objectVersion = 46;
	objects = {

/* Begin PBXBuildFile section */
		03B501F6EB5FA7620C5ED4B2 /* libPods-NewslyTests.a in Frameworks */ = {isa = PBXBuildFile; fileRef = 4E8EA64DBCBB01B2816E5C8C /* libPods-NewslyTests.a */; };
		7C25AD57862022095AAB0431 /* libPods-Newsly.a in Frameworks */ = {isa = PBXBuildFile; fileRef = E2DF774445564CDA31777E5B /* libPods-Newsly.a */; };
		C653174953DCA51EFFB20D19 /* libPods-NewslyUITests.a in Frameworks */ = {isa = PBXBuildFile; fileRef = 1DE4AB768CCE98DF216CA5EC /* libPods-NewslyUITests.a */; };
		CC1277891FC2A50C004C6567 /* main.m in Sources */ = {isa = PBXBuildFile; fileRef = CC1277881FC2A50C004C6567 /* main.m */; };
		CC12778C1FC2A50C004C6567 /* AppDelegate.m in Sources */ = {isa = PBXBuildFile; fileRef = CC12778B1FC2A50C004C6567 /* AppDelegate.m */; };
		CC12778F1FC2A50C004C6567 /* ViewController.m in Sources */ = {isa = PBXBuildFile; fileRef = CC12778E1FC2A50C004C6567 /* ViewController.m */; };
		CC1277921FC2A50C004C6567 /* Main.storyboard in Resources */ = {isa = PBXBuildFile; fileRef = CC1277901FC2A50C004C6567 /* Main.storyboard */; };
		CC1277941FC2A50C004C6567 /* Assets.xcassets in Resources */ = {isa = PBXBuildFile; fileRef = CC1277931FC2A50C004C6567 /* Assets.xcassets */; };
		CC1277971FC2A50C004C6567 /* LaunchScreen.storyboard in Resources */ = {isa = PBXBuildFile; fileRef = CC1277951FC2A50C004C6567 /* LaunchScreen.storyboard */; };
		CC1277A21FC2A50C004C6567 /* NewslyTests.m in Sources */ = {isa = PBXBuildFile; fileRef = CC1277A11FC2A50C004C6567 /* NewslyTests.m */; };
		CC1277AD1FC2A50C004C6567 /* NewslyUITests.m in Sources */ = {isa = PBXBuildFile; fileRef = CC1277AC1FC2A50C004C6567 /* NewslyUITests.m */; };
		CC1277C21FCA2196004C6567 /* FBSDKCoreKit.framework in Frameworks */ = {isa = PBXBuildFile; fileRef = CC1277C01FCA2196004C6567 /* FBSDKCoreKit.framework */; };
		CC1277C31FCA2196004C6567 /* FBSDKLoginKit.framework in Frameworks */ = {isa = PBXBuildFile; fileRef = CC1277C11FCA2196004C6567 /* FBSDKLoginKit.framework */; };
		CC1277C71FCA276C004C6567 /* Bolts.framework in Frameworks */ = {isa = PBXBuildFile; fileRef = CC1277C51FCA276C004C6567 /* Bolts.framework */; };
		CC1277C81FCA276C004C6567 /* FBSDKShareKit.framework in Frameworks */ = {isa = PBXBuildFile; fileRef = CC1277C61FCA276C004C6567 /* FBSDKShareKit.framework */; };
		CC936A241FCF50A80010055B /* GoogleService-Info.plist in Resources */ = {isa = PBXBuildFile; fileRef = CC936A231FCF50A80010055B /* GoogleService-Info.plist */; };
		CC936A2A1FD387D30010055B /* NewsTitleCell.m in Sources */ = {isa = PBXBuildFile; fileRef = CC936A281FD387D30010055B /* NewsTitleCell.m */; };
		CC936A2B1FD387D30010055B /* NewsTitleCell.xib in Resources */ = {isa = PBXBuildFile; fileRef = CC936A291FD387D30010055B /* NewsTitleCell.xib */; };
		CC936A2F1FD389BC0010055B /* NewsTitlePage.m in Sources */ = {isa = PBXBuildFile; fileRef = CC936A2E1FD389BC0010055B /* NewsTitlePage.m */; };
		CC936A331FD38C770010055B /* NewsModel.m in Sources */ = {isa = PBXBuildFile; fileRef = CC936A321FD38C770010055B /* NewsModel.m */; };
		CC936A361FD38FC70010055B /* News.m in Sources */ = {isa = PBXBuildFile; fileRef = CC936A351FD38FC70010055B /* News.m */; };
		CC936A3C1FD3B5F10010055B /* NewsContentWeb.m in Sources */ = {isa = PBXBuildFile; fileRef = CC936A3B1FD3B5F10010055B /* NewsContentWeb.m */; };
/* End PBXBuildFile section */

/* Begin PBXContainerItemProxy section */
		CC12779E1FC2A50C004C6567 /* PBXContainerItemProxy */ = {
			isa = PBXContainerItemProxy;
			containerPortal = CC12777C1FC2A50C004C6567 /* Project object */;
			proxyType = 1;
			remoteGlobalIDString = CC1277831FC2A50C004C6567;
			remoteInfo = Newsly;
		};
		CC1277A91FC2A50C004C6567 /* PBXContainerItemProxy */ = {
			isa = PBXContainerItemProxy;
			containerPortal = CC12777C1FC2A50C004C6567 /* Project object */;
			proxyType = 1;
			remoteGlobalIDString = CC1277831FC2A50C004C6567;
			remoteInfo = Newsly;
		};
/* End PBXContainerItemProxy section */

/* Begin PBXFileReference section */
		02EB56864EC5EA815520E20B /* Pods-NewslyTests.release.xcconfig */ = {isa = PBXFileReference; includeInIndex = 1; lastKnownFileType = text.xcconfig; name = "Pods-NewslyTests.release.xcconfig"; path = "Pods/Target Support Files/Pods-NewslyTests/Pods-NewslyTests.release.xcconfig"; sourceTree = "<group>"; };
		0F5BBB5ECC85CA452E1593D3 /* Pods-Newsly.release.xcconfig */ = {isa = PBXFileReference; includeInIndex = 1; lastKnownFileType = text.xcconfig; name = "Pods-Newsly.release.xcconfig"; path = "Pods/Target Support Files/Pods-Newsly/Pods-Newsly.release.xcconfig"; sourceTree = "<group>"; };
		1DE4AB768CCE98DF216CA5EC /* libPods-NewslyUITests.a */ = {isa = PBXFileReference; explicitFileType = archive.ar; includeInIndex = 0; path = "libPods-NewslyUITests.a"; sourceTree = BUILT_PRODUCTS_DIR; };
		267F8CEDCFCEE6914E61BEC1 /* Pods-Newsly.debug.xcconfig */ = {isa = PBXFileReference; includeInIndex = 1; lastKnownFileType = text.xcconfig; name = "Pods-Newsly.debug.xcconfig"; path = "Pods/Target Support Files/Pods-Newsly/Pods-Newsly.debug.xcconfig"; sourceTree = "<group>"; };
		4B93E0BC5EBCDDBD1D66DCAF /* Pods-NewslyUITests.release.xcconfig */ = {isa = PBXFileReference; includeInIndex = 1; lastKnownFileType = text.xcconfig; name = "Pods-NewslyUITests.release.xcconfig"; path = "Pods/Target Support Files/Pods-NewslyUITests/Pods-NewslyUITests.release.xcconfig"; sourceTree = "<group>"; };
		4E8EA64DBCBB01B2816E5C8C /* libPods-NewslyTests.a */ = {isa = PBXFileReference; explicitFileType = archive.ar; includeInIndex = 0; path = "libPods-NewslyTests.a"; sourceTree = BUILT_PRODUCTS_DIR; };
		C200C19CE2D5A98A96C5BE04 /* Pods-NewslyTests.debug.xcconfig */ = {isa = PBXFileReference; includeInIndex = 1; lastKnownFileType = text.xcconfig; name = "Pods-NewslyTests.debug.xcconfig"; path = "Pods/Target Support Files/Pods-NewslyTests/Pods-NewslyTests.debug.xcconfig"; sourceTree = "<group>"; };
		C4EB6C478E45D86846928357 /* Pods-NewslyUITests.debug.xcconfig */ = {isa = PBXFileReference; includeInIndex = 1; lastKnownFileType = text.xcconfig; name = "Pods-NewslyUITests.debug.xcconfig"; path = "Pods/Target Support Files/Pods-NewslyUITests/Pods-NewslyUITests.debug.xcconfig"; sourceTree = "<group>"; };
		CC1277841FC2A50C004C6567 /* Newsly.app */ = {isa = PBXFileReference; explicitFileType = wrapper.application; includeInIndex = 0; path = Newsly.app; sourceTree = BUILT_PRODUCTS_DIR; };
		CC1277881FC2A50C004C6567 /* main.m */ = {isa = PBXFileReference; lastKnownFileType = sourcecode.c.objc; path = main.m; sourceTree = "<group>"; };
		CC12778A1FC2A50C004C6567 /* AppDelegate.h */ = {isa = PBXFileReference; lastKnownFileType = sourcecode.c.h; path = AppDelegate.h; sourceTree = "<group>"; };
		CC12778B1FC2A50C004C6567 /* AppDelegate.m */ = {isa = PBXFileReference; lastKnownFileType = sourcecode.c.objc; path = AppDelegate.m; sourceTree = "<group>"; };
		CC12778D1FC2A50C004C6567 /* ViewController.h */ = {isa = PBXFileReference; lastKnownFileType = sourcecode.c.h; path = ViewController.h; sourceTree = "<group>"; };
		CC12778E1FC2A50C004C6567 /* ViewController.m */ = {isa = PBXFileReference; lastKnownFileType = sourcecode.c.objc; path = ViewController.m; sourceTree = "<group>"; };
		CC1277911FC2A50C004C6567 /* Base */ = {isa = PBXFileReference; lastKnownFileType = file.storyboard; name = Base; path = Base.lproj/Main.storyboard; sourceTree = "<group>"; };
		CC1277931FC2A50C004C6567 /* Assets.xcassets */ = {isa = PBXFileReference; lastKnownFileType = folder.assetcatalog; path = Assets.xcassets; sourceTree = "<group>"; };
		CC1277961FC2A50C004C6567 /* Base */ = {isa = PBXFileReference; lastKnownFileType = file.storyboard; name = Base; path = Base.lproj/LaunchScreen.storyboard; sourceTree = "<group>"; };
		CC1277981FC2A50C004C6567 /* Info.plist */ = {isa = PBXFileReference; lastKnownFileType = text.plist.xml; path = Info.plist; sourceTree = "<group>"; };
		CC12779D1FC2A50C004C6567 /* NewslyTests.xctest */ = {isa = PBXFileReference; explicitFileType = wrapper.cfbundle; includeInIndex = 0; path = NewslyTests.xctest; sourceTree = BUILT_PRODUCTS_DIR; };
		CC1277A11FC2A50C004C6567 /* NewslyTests.m */ = {isa = PBXFileReference; lastKnownFileType = sourcecode.c.objc; path = NewslyTests.m; sourceTree = "<group>"; };
		CC1277A31FC2A50C004C6567 /* Info.plist */ = {isa = PBXFileReference; lastKnownFileType = text.plist.xml; path = Info.plist; sourceTree = "<group>"; };
		CC1277A81FC2A50C004C6567 /* NewslyUITests.xctest */ = {isa = PBXFileReference; explicitFileType = wrapper.cfbundle; includeInIndex = 0; path = NewslyUITests.xctest; sourceTree = BUILT_PRODUCTS_DIR; };
		CC1277AC1FC2A50C004C6567 /* NewslyUITests.m */ = {isa = PBXFileReference; lastKnownFileType = sourcecode.c.objc; path = NewslyUITests.m; sourceTree = "<group>"; };
		CC1277AE1FC2A50C004C6567 /* Info.plist */ = {isa = PBXFileReference; lastKnownFileType = text.plist.xml; path = Info.plist; sourceTree = "<group>"; };
		CC1277C01FCA2196004C6567 /* FBSDKCoreKit.framework */ = {isa = PBXFileReference; lastKnownFileType = wrapper.framework; path = FBSDKCoreKit.framework; sourceTree = "<group>"; };
		CC1277C11FCA2196004C6567 /* FBSDKLoginKit.framework */ = {isa = PBXFileReference; lastKnownFileType = wrapper.framework; path = FBSDKLoginKit.framework; sourceTree = "<group>"; };
		CC1277C51FCA276C004C6567 /* Bolts.framework */ = {isa = PBXFileReference; lastKnownFileType = wrapper.framework; path = Bolts.framework; sourceTree = "<group>"; };
		CC1277C61FCA276C004C6567 /* FBSDKShareKit.framework */ = {isa = PBXFileReference; lastKnownFileType = wrapper.framework; path = FBSDKShareKit.framework; sourceTree = "<group>"; };
		CC936A231FCF50A80010055B /* GoogleService-Info.plist */ = {isa = PBXFileReference; fileEncoding = 4; lastKnownFileType = text.plist.xml; path = "GoogleService-Info.plist"; sourceTree = "<group>"; };
		CC936A271FD387D30010055B /* NewsTitleCell.h */ = {isa = PBXFileReference; lastKnownFileType = sourcecode.c.h; path = NewsTitleCell.h; sourceTree = "<group>"; };
		CC936A281FD387D30010055B /* NewsTitleCell.m */ = {isa = PBXFileReference; lastKnownFileType = sourcecode.c.objc; path = NewsTitleCell.m; sourceTree = "<group>"; };
		CC936A291FD387D30010055B /* NewsTitleCell.xib */ = {isa = PBXFileReference; lastKnownFileType = file.xib; path = NewsTitleCell.xib; sourceTree = "<group>"; };
		CC936A2D1FD389BC0010055B /* NewsTitlePage.h */ = {isa = PBXFileReference; lastKnownFileType = sourcecode.c.h; path = NewsTitlePage.h; sourceTree = "<group>"; };
		CC936A2E1FD389BC0010055B /* NewsTitlePage.m */ = {isa = PBXFileReference; lastKnownFileType = sourcecode.c.objc; path = NewsTitlePage.m; sourceTree = "<group>"; };
		CC936A311FD38C770010055B /* NewsModel.h */ = {isa = PBXFileReference; lastKnownFileType = sourcecode.c.h; path = NewsModel.h; sourceTree = "<group>"; };
		CC936A321FD38C770010055B /* NewsModel.m */ = {isa = PBXFileReference; lastKnownFileType = sourcecode.c.objc; path = NewsModel.m; sourceTree = "<group>"; };
		CC936A341FD38FC70010055B /* News.h */ = {isa = PBXFileReference; lastKnownFileType = sourcecode.c.h; path = News.h; sourceTree = "<group>"; };
		CC936A351FD38FC70010055B /* News.m */ = {isa = PBXFileReference; lastKnownFileType = sourcecode.c.objc; path = News.m; sourceTree = "<group>"; };
		CC936A3A1FD3B5F10010055B /* NewsContentWeb.h */ = {isa = PBXFileReference; lastKnownFileType = sourcecode.c.h; path = NewsContentWeb.h; sourceTree = "<group>"; };
		CC936A3B1FD3B5F10010055B /* NewsContentWeb.m */ = {isa = PBXFileReference; lastKnownFileType = sourcecode.c.objc; path = NewsContentWeb.m; sourceTree = "<group>"; };
		E2DF774445564CDA31777E5B /* libPods-Newsly.a */ = {isa = PBXFileReference; explicitFileType = archive.ar; includeInIndex = 0; path = "libPods-Newsly.a"; sourceTree = BUILT_PRODUCTS_DIR; };
/* End PBXFileReference section */

/* Begin PBXFrameworksBuildPhase section */
		CC1277811FC2A50C004C6567 /* Frameworks */ = {
			isa = PBXFrameworksBuildPhase;
			buildActionMask = 2147483647;
			files = (
				CC1277C81FCA276C004C6567 /* FBSDKShareKit.framework in Frameworks */,
				CC1277C71FCA276C004C6567 /* Bolts.framework in Frameworks */,
				CC1277C31FCA2196004C6567 /* FBSDKLoginKit.framework in Frameworks */,
				CC1277C21FCA2196004C6567 /* FBSDKCoreKit.framework in Frameworks */,
				7C25AD57862022095AAB0431 /* libPods-Newsly.a in Frameworks */,
			);
			runOnlyForDeploymentPostprocessing = 0;
		};
		CC12779A1FC2A50C004C6567 /* Frameworks */ = {
			isa = PBXFrameworksBuildPhase;
			buildActionMask = 2147483647;
			files = (
				03B501F6EB5FA7620C5ED4B2 /* libPods-NewslyTests.a in Frameworks */,
			);
			runOnlyForDeploymentPostprocessing = 0;
		};
		CC1277A51FC2A50C004C6567 /* Frameworks */ = {
			isa = PBXFrameworksBuildPhase;
			buildActionMask = 2147483647;
			files = (
				C653174953DCA51EFFB20D19 /* libPods-NewslyUITests.a in Frameworks */,
			);
			runOnlyForDeploymentPostprocessing = 0;
		};
/* End PBXFrameworksBuildPhase section */

/* Begin PBXGroup section */
		095FD2E0E949038B5E87DAD1 /* Frameworks */ = {
			isa = PBXGroup;
			children = (
				E2DF774445564CDA31777E5B /* libPods-Newsly.a */,
				4E8EA64DBCBB01B2816E5C8C /* libPods-NewslyTests.a */,
				1DE4AB768CCE98DF216CA5EC /* libPods-NewslyUITests.a */,
			);
			name = Frameworks;
			sourceTree = "<group>";
		};
		AFE7C246AC78B280C6707C4C /* Pods */ = {
			isa = PBXGroup;
			children = (
				267F8CEDCFCEE6914E61BEC1 /* Pods-Newsly.debug.xcconfig */,
				0F5BBB5ECC85CA452E1593D3 /* Pods-Newsly.release.xcconfig */,
				C200C19CE2D5A98A96C5BE04 /* Pods-NewslyTests.debug.xcconfig */,
				02EB56864EC5EA815520E20B /* Pods-NewslyTests.release.xcconfig */,
				C4EB6C478E45D86846928357 /* Pods-NewslyUITests.debug.xcconfig */,
				4B93E0BC5EBCDDBD1D66DCAF /* Pods-NewslyUITests.release.xcconfig */,
			);
			name = Pods;
			sourceTree = "<group>";
		};
		CC12777B1FC2A50C004C6567 = {
			isa = PBXGroup;
			children = (
				CC1277861FC2A50C004C6567 /* Newsly */,
				CC1277A01FC2A50C004C6567 /* NewslyTests */,
				CC1277AB1FC2A50C004C6567 /* NewslyUITests */,
				CC1277851FC2A50C004C6567 /* Products */,
				CC1277C41FCA2472004C6567 /* Framework */,
				AFE7C246AC78B280C6707C4C /* Pods */,
				095FD2E0E949038B5E87DAD1 /* Frameworks */,
			);
			sourceTree = "<group>";
		};
		CC1277851FC2A50C004C6567 /* Products */ = {
			isa = PBXGroup;
			children = (
				CC1277841FC2A50C004C6567 /* Newsly.app */,
				CC12779D1FC2A50C004C6567 /* NewslyTests.xctest */,
				CC1277A81FC2A50C004C6567 /* NewslyUITests.xctest */,
			);
			name = Products;
			sourceTree = "<group>";
		};
		CC1277861FC2A50C004C6567 /* Newsly */ = {
			isa = PBXGroup;
			children = (
				CC936A301FD38C380010055B /* Model */,
				CC936A2C1FD387DF0010055B /* Cells */,
				CC12778A1FC2A50C004C6567 /* AppDelegate.h */,
				CC12778B1FC2A50C004C6567 /* AppDelegate.m */,
				CC12778D1FC2A50C004C6567 /* ViewController.h */,
				CC12778E1FC2A50C004C6567 /* ViewController.m */,
				CC936A2D1FD389BC0010055B /* NewsTitlePage.h */,
				CC936A2E1FD389BC0010055B /* NewsTitlePage.m */,
				CC936A3A1FD3B5F10010055B /* NewsContentWeb.h */,
				CC936A3B1FD3B5F10010055B /* NewsContentWeb.m */,
				CC1277901FC2A50C004C6567 /* Main.storyboard */,
				CC1277931FC2A50C004C6567 /* Assets.xcassets */,
				CC1277951FC2A50C004C6567 /* LaunchScreen.storyboard */,
				CC1277871FC2A50C004C6567 /* Supporting Files */,
			);
			path = Newsly;
			sourceTree = "<group>";
		};
		CC1277871FC2A50C004C6567 /* Supporting Files */ = {
			isa = PBXGroup;
			children = (
				CC1277981FC2A50C004C6567 /* Info.plist */,
				CC936A231FCF50A80010055B /* GoogleService-Info.plist */,
				CC1277881FC2A50C004C6567 /* main.m */,
			);
			name = "Supporting Files";
			sourceTree = "<group>";
		};
		CC1277A01FC2A50C004C6567 /* NewslyTests */ = {
			isa = PBXGroup;
			children = (
				CC1277A11FC2A50C004C6567 /* NewslyTests.m */,
				CC1277A31FC2A50C004C6567 /* Info.plist */,
			);
			path = NewslyTests;
			sourceTree = "<group>";
		};
		CC1277AB1FC2A50C004C6567 /* NewslyUITests */ = {
			isa = PBXGroup;
			children = (
				CC1277AC1FC2A50C004C6567 /* NewslyUITests.m */,
				CC1277AE1FC2A50C004C6567 /* Info.plist */,
			);
			path = NewslyUITests;
			sourceTree = "<group>";
		};
		CC1277C41FCA2472004C6567 /* Framework */ = {
			isa = PBXGroup;
			children = (
				CC1277C51FCA276C004C6567 /* Bolts.framework */,
				CC1277C61FCA276C004C6567 /* FBSDKShareKit.framework */,
				CC1277C11FCA2196004C6567 /* FBSDKLoginKit.framework */,
				CC1277C01FCA2196004C6567 /* FBSDKCoreKit.framework */,
			);
			name = Framework;
			sourceTree = "<group>";
		};
		CC936A2C1FD387DF0010055B /* Cells */ = {
			isa = PBXGroup;
			children = (
				CC936A271FD387D30010055B /* NewsTitleCell.h */,
				CC936A281FD387D30010055B /* NewsTitleCell.m */,
				CC936A291FD387D30010055B /* NewsTitleCell.xib */,
			);
			name = Cells;
			sourceTree = "<group>";
		};
		CC936A301FD38C380010055B /* Model */ = {
			isa = PBXGroup;
			children = (
				CC936A311FD38C770010055B /* NewsModel.h */,
				CC936A321FD38C770010055B /* NewsModel.m */,
				CC936A341FD38FC70010055B /* News.h */,
				CC936A351FD38FC70010055B /* News.m */,
			);
			name = Model;
			sourceTree = "<group>";
		};
/* End PBXGroup section */

/* Begin PBXNativeTarget section */
		CC1277831FC2A50C004C6567 /* Newsly */ = {
			isa = PBXNativeTarget;
			buildConfigurationList = CC1277B11FC2A50C004C6567 /* Build configuration list for PBXNativeTarget "Newsly" */;
			buildPhases = (
				DD20BC3F4654925638BE5BB8 /* [CP] Check Pods Manifest.lock */,
				CC1277801FC2A50C004C6567 /* Sources */,
				CC1277811FC2A50C004C6567 /* Frameworks */,
				CC1277821FC2A50C004C6567 /* Resources */,
				A8633DA6D06D3BA9DC9E55BE /* [CP] Embed Pods Frameworks */,
				714C0C892BC98E3C499760E4 /* [CP] Copy Pods Resources */,
			);
			buildRules = (
			);
			dependencies = (
			);
			name = Newsly;
			productName = Newsly;
			productReference = CC1277841FC2A50C004C6567 /* Newsly.app */;
			productType = "com.apple.product-type.application";
		};
		CC12779C1FC2A50C004C6567 /* NewslyTests */ = {
			isa = PBXNativeTarget;
			buildConfigurationList = CC1277B41FC2A50C004C6567 /* Build configuration list for PBXNativeTarget "NewslyTests" */;
			buildPhases = (
				057846A7AE9DCCBDC3414063 /* [CP] Check Pods Manifest.lock */,
				CC1277991FC2A50C004C6567 /* Sources */,
				CC12779A1FC2A50C004C6567 /* Frameworks */,
				CC12779B1FC2A50C004C6567 /* Resources */,
				805ACC30D690BD8B5C660174 /* [CP] Embed Pods Frameworks */,
				D8D06F28345C6BE6063238E1 /* [CP] Copy Pods Resources */,
			);
			buildRules = (
			);
			dependencies = (
				CC12779F1FC2A50C004C6567 /* PBXTargetDependency */,
			);
			name = NewslyTests;
			productName = NewslyTests;
			productReference = CC12779D1FC2A50C004C6567 /* NewslyTests.xctest */;
			productType = "com.apple.product-type.bundle.unit-test";
		};
		CC1277A71FC2A50C004C6567 /* NewslyUITests */ = {
			isa = PBXNativeTarget;
			buildConfigurationList = CC1277B71FC2A50C004C6567 /* Build configuration list for PBXNativeTarget "NewslyUITests" */;
			buildPhases = (
				9FA74176399C836AA25EBD1E /* [CP] Check Pods Manifest.lock */,
				CC1277A41FC2A50C004C6567 /* Sources */,
				CC1277A51FC2A50C004C6567 /* Frameworks */,
				CC1277A61FC2A50C004C6567 /* Resources */,
				28A9C81D93C532C21ADFD5A6 /* [CP] Embed Pods Frameworks */,
				10A941905ED0D93DDC99C23D /* [CP] Copy Pods Resources */,
			);
			buildRules = (
			);
			dependencies = (
				CC1277AA1FC2A50C004C6567 /* PBXTargetDependency */,
			);
			name = NewslyUITests;
			productName = NewslyUITests;
			productReference = CC1277A81FC2A50C004C6567 /* NewslyUITests.xctest */;
			productType = "com.apple.product-type.bundle.ui-testing";
		};
/* End PBXNativeTarget section */

/* Begin PBXProject section */
		CC12777C1FC2A50C004C6567 /* Project object */ = {
			isa = PBXProject;
			attributes = {
				LastUpgradeCheck = 0830;
				ORGANIZATIONNAME = "Ruyin Shao";
				TargetAttributes = {
					CC1277831FC2A50C004C6567 = {
						CreatedOnToolsVersion = 8.3.3;
						ProvisioningStyle = Automatic;
					};
					CC12779C1FC2A50C004C6567 = {
						CreatedOnToolsVersion = 8.3.3;
						ProvisioningStyle = Automatic;
						TestTargetID = CC1277831FC2A50C004C6567;
					};
					CC1277A71FC2A50C004C6567 = {
						CreatedOnToolsVersion = 8.3.3;
						ProvisioningStyle = Automatic;
						TestTargetID = CC1277831FC2A50C004C6567;
					};
				};
			};
			buildConfigurationList = CC12777F1FC2A50C004C6567 /* Build configuration list for PBXProject "Newsly" */;
			compatibilityVersion = "Xcode 3.2";
			developmentRegion = English;
			hasScannedForEncodings = 0;
			knownRegions = (
				en,
				Base,
			);
			mainGroup = CC12777B1FC2A50C004C6567;
			productRefGroup = CC1277851FC2A50C004C6567 /* Products */;
			projectDirPath = "";
			projectRoot = "";
			targets = (
				CC1277831FC2A50C004C6567 /* Newsly */,
				CC12779C1FC2A50C004C6567 /* NewslyTests */,
				CC1277A71FC2A50C004C6567 /* NewslyUITests */,
			);
		};
/* End PBXProject section */

/* Begin PBXResourcesBuildPhase section */
		CC1277821FC2A50C004C6567 /* Resources */ = {
			isa = PBXResourcesBuildPhase;
			buildActionMask = 2147483647;
			files = (
				CC1277971FC2A50C004C6567 /* LaunchScreen.storyboard in Resources */,
				CC936A241FCF50A80010055B /* GoogleService-Info.plist in Resources */,
				CC936A2B1FD387D30010055B /* NewsTitleCell.xib in Resources */,
				CC1277941FC2A50C004C6567 /* Assets.xcassets in Resources */,
				CC1277921FC2A50C004C6567 /* Main.storyboard in Resources */,
			);
			runOnlyForDeploymentPostprocessing = 0;
		};
		CC12779B1FC2A50C004C6567 /* Resources */ = {
			isa = PBXResourcesBuildPhase;
			buildActionMask = 2147483647;
			files = (
			);
			runOnlyForDeploymentPostprocessing = 0;
		};
		CC1277A61FC2A50C004C6567 /* Resources */ = {
			isa = PBXResourcesBuildPhase;
			buildActionMask = 2147483647;
			files = (
			);
			runOnlyForDeploymentPostprocessing = 0;
		};
/* End PBXResourcesBuildPhase section */

/* Begin PBXShellScriptBuildPhase section */
		057846A7AE9DCCBDC3414063 /* [CP] Check Pods Manifest.lock */ = {
			isa = PBXShellScriptBuildPhase;
			buildActionMask = 2147483647;
			files = (
			);
			inputPaths = (
				"${PODS_PODFILE_DIR_PATH}/Podfile.lock",
				"${PODS_ROOT}/Manifest.lock",
			);
			name = "[CP] Check Pods Manifest.lock";
			outputPaths = (
				"$(DERIVED_FILE_DIR)/Pods-NewslyTests-checkManifestLockResult.txt",
			);
			runOnlyForDeploymentPostprocessing = 0;
			shellPath = /bin/sh;
			shellScript = "diff \"${PODS_PODFILE_DIR_PATH}/Podfile.lock\" \"${PODS_ROOT}/Manifest.lock\" > /dev/null\nif [ $? != 0 ] ; then\n    # print error to STDERR\n    echo \"error: The sandbox is not in sync with the Podfile.lock. Run 'pod install' or update your CocoaPods installation.\" >&2\n    exit 1\nfi\n# This output is used by Xcode 'outputs' to avoid re-running this script phase.\necho \"SUCCESS\" > \"${SCRIPT_OUTPUT_FILE_0}\"\n";
			showEnvVarsInLog = 0;
		};
		10A941905ED0D93DDC99C23D /* [CP] Copy Pods Resources */ = {
			isa = PBXShellScriptBuildPhase;
			buildActionMask = 2147483647;
			files = (
			);
			inputPaths = (
			);
			name = "[CP] Copy Pods Resources";
			outputPaths = (
			);
			runOnlyForDeploymentPostprocessing = 0;
			shellPath = /bin/sh;
			shellScript = "\"${SRCROOT}/Pods/Target Support Files/Pods-NewslyUITests/Pods-NewslyUITests-resources.sh\"\n";
			showEnvVarsInLog = 0;
		};
		28A9C81D93C532C21ADFD5A6 /* [CP] Embed Pods Frameworks */ = {
			isa = PBXShellScriptBuildPhase;
			buildActionMask = 2147483647;
			files = (
			);
			inputPaths = (
			);
			name = "[CP] Embed Pods Frameworks";
			outputPaths = (
			);
			runOnlyForDeploymentPostprocessing = 0;
			shellPath = /bin/sh;
			shellScript = "\"${SRCROOT}/Pods/Target Support Files/Pods-NewslyUITests/Pods-NewslyUITests-frameworks.sh\"\n";
			showEnvVarsInLog = 0;
		};
		714C0C892BC98E3C499760E4 /* [CP] Copy Pods Resources */ = {
			isa = PBXShellScriptBuildPhase;
			buildActionMask = 2147483647;
			files = (
			);
			inputPaths = (
			);
			name = "[CP] Copy Pods Resources";
			outputPaths = (
			);
			runOnlyForDeploymentPostprocessing = 0;
			shellPath = /bin/sh;
			shellScript = "\"${SRCROOT}/Pods/Target Support Files/Pods-Newsly/Pods-Newsly-resources.sh\"\n";
			showEnvVarsInLog = 0;
		};
		805ACC30D690BD8B5C660174 /* [CP] Embed Pods Frameworks */ = {
			isa = PBXShellScriptBuildPhase;
			buildActionMask = 2147483647;
			files = (
			);
			inputPaths = (
			);
			name = "[CP] Embed Pods Frameworks";
			outputPaths = (
			);
			runOnlyForDeploymentPostprocessing = 0;
			shellPath = /bin/sh;
			shellScript = "\"${SRCROOT}/Pods/Target Support Files/Pods-NewslyTests/Pods-NewslyTests-frameworks.sh\"\n";
			showEnvVarsInLog = 0;
		};
		9FA74176399C836AA25EBD1E /* [CP] Check Pods Manifest.lock */ = {
			isa = PBXShellScriptBuildPhase;
			buildActionMask = 2147483647;
			files = (
			);
			inputPaths = (
				"${PODS_PODFILE_DIR_PATH}/Podfile.lock",
				"${PODS_ROOT}/Manifest.lock",
			);
			name = "[CP] Check Pods Manifest.lock";
			outputPaths = (
				"$(DERIVED_FILE_DIR)/Pods-NewslyUITests-checkManifestLockResult.txt",
			);
			runOnlyForDeploymentPostprocessing = 0;
			shellPath = /bin/sh;
			shellScript = "diff \"${PODS_PODFILE_DIR_PATH}/Podfile.lock\" \"${PODS_ROOT}/Manifest.lock\" > /dev/null\nif [ $? != 0 ] ; then\n    # print error to STDERR\n    echo \"error: The sandbox is not in sync with the Podfile.lock. Run 'pod install' or update your CocoaPods installation.\" >&2\n    exit 1\nfi\n# This output is used by Xcode 'outputs' to avoid re-running this script phase.\necho \"SUCCESS\" > \"${SCRIPT_OUTPUT_FILE_0}\"\n";
			showEnvVarsInLog = 0;
		};
		A8633DA6D06D3BA9DC9E55BE /* [CP] Embed Pods Frameworks */ = {
			isa = PBXShellScriptBuildPhase;
			buildActionMask = 2147483647;
			files = (
			);
			inputPaths = (
			);
			name = "[CP] Embed Pods Frameworks";
			outputPaths = (
			);
			runOnlyForDeploymentPostprocessing = 0;
			shellPath = /bin/sh;
			shellScript = "\"${SRCROOT}/Pods/Target Support Files/Pods-Newsly/Pods-Newsly-frameworks.sh\"\n";
			showEnvVarsInLog = 0;
		};
		D8D06F28345C6BE6063238E1 /* [CP] Copy Pods Resources */ = {
			isa = PBXShellScriptBuildPhase;
			buildActionMask = 2147483647;
			files = (
			);
			inputPaths = (
			);
			name = "[CP] Copy Pods Resources";
			outputPaths = (
			);
			runOnlyForDeploymentPostprocessing = 0;
			shellPath = /bin/sh;
			shellScript = "\"${SRCROOT}/Pods/Target Support Files/Pods-NewslyTests/Pods-NewslyTests-resources.sh\"\n";
			showEnvVarsInLog = 0;
		};
		DD20BC3F4654925638BE5BB8 /* [CP] Check Pods Manifest.lock */ = {
			isa = PBXShellScriptBuildPhase;
			buildActionMask = 2147483647;
			files = (
			);
			inputPaths = (
				"${PODS_PODFILE_DIR_PATH}/Podfile.lock",
				"${PODS_ROOT}/Manifest.lock",
			);
			name = "[CP] Check Pods Manifest.lock";
			outputPaths = (
				"$(DERIVED_FILE_DIR)/Pods-Newsly-checkManifestLockResult.txt",
			);
			runOnlyForDeploymentPostprocessing = 0;
			shellPath = /bin/sh;
			shellScript = "diff \"${PODS_PODFILE_DIR_PATH}/Podfile.lock\" \"${PODS_ROOT}/Manifest.lock\" > /dev/null\nif [ $? != 0 ] ; then\n    # print error to STDERR\n    echo \"error: The sandbox is not in sync with the Podfile.lock. Run 'pod install' or update your CocoaPods installation.\" >&2\n    exit 1\nfi\n# This output is used by Xcode 'outputs' to avoid re-running this script phase.\necho \"SUCCESS\" > \"${SCRIPT_OUTPUT_FILE_0}\"\n";
			showEnvVarsInLog = 0;
		};
/* End PBXShellScriptBuildPhase section */

/* Begin PBXSourcesBuildPhase section */
		CC1277801FC2A50C004C6567 /* Sources */ = {
			isa = PBXSourcesBuildPhase;
			buildActionMask = 2147483647;
			files = (
				CC12778F1FC2A50C004C6567 /* ViewController.m in Sources */,
				CC936A3C1FD3B5F10010055B /* NewsContentWeb.m in Sources */,
				CC936A361FD38FC70010055B /* News.m in Sources */,
				CC936A2A1FD387D30010055B /* NewsTitleCell.m in Sources */,
				CC936A2F1FD389BC0010055B /* NewsTitlePage.m in Sources */,
				CC12778C1FC2A50C004C6567 /* AppDelegate.m in Sources */,
				CC936A331FD38C770010055B /* NewsModel.m in Sources */,
				CC1277891FC2A50C004C6567 /* main.m in Sources */,
			);
			runOnlyForDeploymentPostprocessing = 0;
		};
		CC1277991FC2A50C004C6567 /* Sources */ = {
			isa = PBXSourcesBuildPhase;
			buildActionMask = 2147483647;
			files = (
				CC1277A21FC2A50C004C6567 /* NewslyTests.m in Sources */,
			);
			runOnlyForDeploymentPostprocessing = 0;
		};
		CC1277A41FC2A50C004C6567 /* Sources */ = {
			isa = PBXSourcesBuildPhase;
			buildActionMask = 2147483647;
			files = (
				CC1277AD1FC2A50C004C6567 /* NewslyUITests.m in Sources */,
			);
			runOnlyForDeploymentPostprocessing = 0;
		};
/* End PBXSourcesBuildPhase section */

/* Begin PBXTargetDependency section */
		CC12779F1FC2A50C004C6567 /* PBXTargetDependency */ = {
			isa = PBXTargetDependency;
			target = CC1277831FC2A50C004C6567 /* Newsly */;
			targetProxy = CC12779E1FC2A50C004C6567 /* PBXContainerItemProxy */;
		};
		CC1277AA1FC2A50C004C6567 /* PBXTargetDependency */ = {
			isa = PBXTargetDependency;
			target = CC1277831FC2A50C004C6567 /* Newsly */;
			targetProxy = CC1277A91FC2A50C004C6567 /* PBXContainerItemProxy */;
		};
/* End PBXTargetDependency section */

/* Begin PBXVariantGroup section */
		CC1277901FC2A50C004C6567 /* Main.storyboard */ = {
			isa = PBXVariantGroup;
			children = (
				CC1277911FC2A50C004C6567 /* Base */,
			);
			name = Main.storyboard;
			sourceTree = "<group>";
		};
		CC1277951FC2A50C004C6567 /* LaunchScreen.storyboard */ = {
			isa = PBXVariantGroup;
			children = (
				CC1277961FC2A50C004C6567 /* Base */,
			);
			name = LaunchScreen.storyboard;
			sourceTree = "<group>";
		};
/* End PBXVariantGroup section */

/* Begin XCBuildConfiguration section */
		CC1277AF1FC2A50C004C6567 /* Debug */ = {
			isa = XCBuildConfiguration;
			buildSettings = {
				ALWAYS_SEARCH_USER_PATHS = NO;
				CLANG_ANALYZER_NONNULL = YES;
				CLANG_ANALYZER_NUMBER_OBJECT_CONVERSION = YES_AGGRESSIVE;
				CLANG_CXX_LANGUAGE_STANDARD = "gnu++0x";
				CLANG_CXX_LIBRARY = "libc++";
				CLANG_ENABLE_MODULES = YES;
				CLANG_ENABLE_OBJC_ARC = YES;
				CLANG_WARN_BOOL_CONVERSION = YES;
				CLANG_WARN_CONSTANT_CONVERSION = YES;
				CLANG_WARN_DIRECT_OBJC_ISA_USAGE = YES_ERROR;
				CLANG_WARN_DOCUMENTATION_COMMENTS = YES;
				CLANG_WARN_EMPTY_BODY = YES;
				CLANG_WARN_ENUM_CONVERSION = YES;
				CLANG_WARN_INFINITE_RECURSION = YES;
				CLANG_WARN_INT_CONVERSION = YES;
				CLANG_WARN_OBJC_ROOT_CLASS = YES_ERROR;
				CLANG_WARN_SUSPICIOUS_MOVE = YES;
				CLANG_WARN_UNREACHABLE_CODE = YES;
				CLANG_WARN__DUPLICATE_METHOD_MATCH = YES;
				"CODE_SIGN_IDENTITY[sdk=iphoneos*]" = "iPhone Developer";
				COPY_PHASE_STRIP = NO;
				DEBUG_INFORMATION_FORMAT = dwarf;
				ENABLE_STRICT_OBJC_MSGSEND = YES;
				ENABLE_TESTABILITY = YES;
				GCC_C_LANGUAGE_STANDARD = gnu99;
				GCC_DYNAMIC_NO_PIC = NO;
				GCC_NO_COMMON_BLOCKS = YES;
				GCC_OPTIMIZATION_LEVEL = 0;
				GCC_PREPROCESSOR_DEFINITIONS = (
					"DEBUG=1",
					"$(inherited)",
				);
				GCC_WARN_64_TO_32_BIT_CONVERSION = YES;
				GCC_WARN_ABOUT_RETURN_TYPE = YES_ERROR;
				GCC_WARN_UNDECLARED_SELECTOR = YES;
				GCC_WARN_UNINITIALIZED_AUTOS = YES_AGGRESSIVE;
				GCC_WARN_UNUSED_FUNCTION = YES;
				GCC_WARN_UNUSED_VARIABLE = YES;
				IPHONEOS_DEPLOYMENT_TARGET = 10.3;
				MTL_ENABLE_DEBUG_INFO = YES;
				ONLY_ACTIVE_ARCH = YES;
				SDKROOT = iphoneos;
			};
			name = Debug;
		};
		CC1277B01FC2A50C004C6567 /* Release */ = {
			isa = XCBuildConfiguration;
			buildSettings = {
				ALWAYS_SEARCH_USER_PATHS = NO;
				CLANG_ANALYZER_NONNULL = YES;
				CLANG_ANALYZER_NUMBER_OBJECT_CONVERSION = YES_AGGRESSIVE;
				CLANG_CXX_LANGUAGE_STANDARD = "gnu++0x";
				CLANG_CXX_LIBRARY = "libc++";
				CLANG_ENABLE_MODULES = YES;
				CLANG_ENABLE_OBJC_ARC = YES;
				CLANG_WARN_BOOL_CONVERSION = YES;
				CLANG_WARN_CONSTANT_CONVERSION = YES;
				CLANG_WARN_DIRECT_OBJC_ISA_USAGE = YES_ERROR;
				CLANG_WARN_DOCUMENTATION_COMMENTS = YES;
				CLANG_WARN_EMPTY_BODY = YES;
				CLANG_WARN_ENUM_CONVERSION = YES;
				CLANG_WARN_INFINITE_RECURSION = YES;
				CLANG_WARN_INT_CONVERSION = YES;
				CLANG_WARN_OBJC_ROOT_CLASS = YES_ERROR;
				CLANG_WARN_SUSPICIOUS_MOVE = YES;
				CLANG_WARN_UNREACHABLE_CODE = YES;
				CLANG_WARN__DUPLICATE_METHOD_MATCH = YES;
				"CODE_SIGN_IDENTITY[sdk=iphoneos*]" = "iPhone Developer";
				COPY_PHASE_STRIP = NO;
				DEBUG_INFORMATION_FORMAT = "dwarf-with-dsym";
				ENABLE_NS_ASSERTIONS = NO;
				ENABLE_STRICT_OBJC_MSGSEND = YES;
				GCC_C_LANGUAGE_STANDARD = gnu99;
				GCC_NO_COMMON_BLOCKS = YES;
				GCC_WARN_64_TO_32_BIT_CONVERSION = YES;
				GCC_WARN_ABOUT_RETURN_TYPE = YES_ERROR;
				GCC_WARN_UNDECLARED_SELECTOR = YES;
				GCC_WARN_UNINITIALIZED_AUTOS = YES_AGGRESSIVE;
				GCC_WARN_UNUSED_FUNCTION = YES;
				GCC_WARN_UNUSED_VARIABLE = YES;
				IPHONEOS_DEPLOYMENT_TARGET = 10.3;
				MTL_ENABLE_DEBUG_INFO = NO;
				SDKROOT = iphoneos;
				VALIDATE_PRODUCT = YES;
			};
			name = Release;
		};
		CC1277B21FC2A50C004C6567 /* Debug */ = {
			isa = XCBuildConfiguration;
			baseConfigurationReference = 267F8CEDCFCEE6914E61BEC1 /* Pods-Newsly.debug.xcconfig */;
			buildSettings = {
				ASSETCATALOG_COMPILER_APPICON_NAME = AppIcon;
				FRAMEWORK_SEARCH_PATHS = (
					"$(inherited)",
					"$(PROJECT_DIR)",
				);
				INFOPLIST_FILE = Newsly/Info.plist;
				LD_RUNPATH_SEARCH_PATHS = "$(inherited) @executable_path/Frameworks";
				PRODUCT_BUNDLE_IDENTIFIER = com.ruyinshao.Newsly;
				PRODUCT_NAME = "$(TARGET_NAME)";
			};
			name = Debug;
		};
		CC1277B31FC2A50C004C6567 /* Release */ = {
			isa = XCBuildConfiguration;
			baseConfigurationReference = 0F5BBB5ECC85CA452E1593D3 /* Pods-Newsly.release.xcconfig */;
			buildSettings = {
				ASSETCATALOG_COMPILER_APPICON_NAME = AppIcon;
				FRAMEWORK_SEARCH_PATHS = (
					"$(inherited)",
					"$(PROJECT_DIR)",
				);
				"FRAMEWORK_SEARCH_PATHS[arch=*]" = "~/Documents/FacebookSDK";
				INFOPLIST_FILE = Newsly/Info.plist;
				LD_RUNPATH_SEARCH_PATHS = "$(inherited) @executable_path/Frameworks";
				PRODUCT_BUNDLE_IDENTIFIER = com.ruyinshao.Newsly;
				PRODUCT_NAME = "$(TARGET_NAME)";
			};
			name = Release;
		};
		CC1277B51FC2A50C004C6567 /* Debug */ = {
			isa = XCBuildConfiguration;
			baseConfigurationReference = C200C19CE2D5A98A96C5BE04 /* Pods-NewslyTests.debug.xcconfig */;
			buildSettings = {
				BUNDLE_LOADER = "$(TEST_HOST)";
				INFOPLIST_FILE = NewslyTests/Info.plist;
				LD_RUNPATH_SEARCH_PATHS = "$(inherited) @executable_path/Frameworks @loader_path/Frameworks";
				PRODUCT_BUNDLE_IDENTIFIER = com.ruyinshao.NewslyTests;
				PRODUCT_NAME = "$(TARGET_NAME)";
				TEST_HOST = "$(BUILT_PRODUCTS_DIR)/Newsly.app/Newsly";
			};
			name = Debug;
		};
		CC1277B61FC2A50C004C6567 /* Release */ = {
			isa = XCBuildConfiguration;
			baseConfigurationReference = 02EB56864EC5EA815520E20B /* Pods-NewslyTests.release.xcconfig */;
			buildSettings = {
				BUNDLE_LOADER = "$(TEST_HOST)";
				INFOPLIST_FILE = NewslyTests/Info.plist;
				LD_RUNPATH_SEARCH_PATHS = "$(inherited) @executable_path/Frameworks @loader_path/Frameworks";
				PRODUCT_BUNDLE_IDENTIFIER = com.ruyinshao.NewslyTests;
				PRODUCT_NAME = "$(TARGET_NAME)";
				TEST_HOST = "$(BUILT_PRODUCTS_DIR)/Newsly.app/Newsly";
			};
			name = Release;
		};
		CC1277B81FC2A50C004C6567 /* Debug */ = {
			isa = XCBuildConfiguration;
			baseConfigurationReference = C4EB6C478E45D86846928357 /* Pods-NewslyUITests.debug.xcconfig */;
			buildSettings = {
				INFOPLIST_FILE = NewslyUITests/Info.plist;
				LD_RUNPATH_SEARCH_PATHS = "$(inherited) @executable_path/Frameworks @loader_path/Frameworks";
				PRODUCT_BUNDLE_IDENTIFIER = com.ruyinshao.NewslyUITests;
				PRODUCT_NAME = "$(TARGET_NAME)";
				TEST_TARGET_NAME = Newsly;
			};
			name = Debug;
		};
		CC1277B91FC2A50C004C6567 /* Release */ = {
			isa = XCBuildConfiguration;
			baseConfigurationReference = 4B93E0BC5EBCDDBD1D66DCAF /* Pods-NewslyUITests.release.xcconfig */;
			buildSettings = {
				INFOPLIST_FILE = NewslyUITests/Info.plist;
				LD_RUNPATH_SEARCH_PATHS = "$(inherited) @executable_path/Frameworks @loader_path/Frameworks";
				PRODUCT_BUNDLE_IDENTIFIER = com.ruyinshao.NewslyUITests;
				PRODUCT_NAME = "$(TARGET_NAME)";
				TEST_TARGET_NAME = Newsly;
			};
			name = Release;
		};
/* End XCBuildConfiguration section */

/* Begin XCConfigurationList section */
		CC12777F1FC2A50C004C6567 /* Build configuration list for PBXProject "Newsly" */ = {
			isa = XCConfigurationList;
			buildConfigurations = (
				CC1277AF1FC2A50C004C6567 /* Debug */,
				CC1277B01FC2A50C004C6567 /* Release */,
			);
			defaultConfigurationIsVisible = 0;
			defaultConfigurationName = Release;
		};
		CC1277B11FC2A50C004C6567 /* Build configuration list for PBXNativeTarget "Newsly" */ = {
			isa = XCConfigurationList;
			buildConfigurations = (
				CC1277B21FC2A50C004C6567 /* Debug */,
				CC1277B31FC2A50C004C6567 /* Release */,
			);
			defaultConfigurationIsVisible = 0;
			defaultConfigurationName = Release;
		};
		CC1277B41FC2A50C004C6567 /* Build configuration list for PBXNativeTarget "NewslyTests" */ = {
			isa = XCConfigurationList;
			buildConfigurations = (
				CC1277B51FC2A50C004C6567 /* Debug */,
				CC1277B61FC2A50C004C6567 /* Release */,
			);
			defaultConfigurationIsVisible = 0;
			defaultConfigurationName = Release;
		};
		CC1277B71FC2A50C004C6567 /* Build configuration list for PBXNativeTarget "NewslyUITests" */ = {
			isa = XCConfigurationList;
			buildConfigurations = (
				CC1277B81FC2A50C004C6567 /* Debug */,
				CC1277B91FC2A50C004C6567 /* Release */,
			);
			defaultConfigurationIsVisible = 0;
			defaultConfigurationName = Release;
		};
/* End XCConfigurationList section */
	};
	rootObject = CC12777C1FC2A50C004C6567 /* Project object */;
}
